// !$*UTF8*$!
{
	archiveVersion = 1;
	classes = {
	};
	objectVersion = 56;
	objects = {

/* Begin PBXBuildFile section */
		6F1D87CE2C1F05CE00C1670B /* SwiftUIAndUIKit1App.swift in Sources */ = {isa = PBXBuildFile; fileRef = 6F1D87CD2C1F05CE00C1670B /* SwiftUIAndUIKit1App.swift */; };
		6F1D87D02C1F05CE00C1670B /* NewsView.swift in Sources */ = {isa = PBXBuildFile; fileRef = 6F1D87CF2C1F05CE00C1670B /* NewsView.swift */; };
		6F1D87D22C1F05D000C1670B /* Assets.xcassets in Resources */ = {isa = PBXBuildFile; fileRef = 6F1D87D12C1F05D000C1670B /* Assets.xcassets */; };
		6F1D87D52C1F05D000C1670B /* Preview Assets.xcassets in Resources */ = {isa = PBXBuildFile; fileRef = 6F1D87D42C1F05D000C1670B /* Preview Assets.xcassets */; };
		6F1D87DE2C1F062800C1670B /* NewsViewModel.swift in Sources */ = {isa = PBXBuildFile; fileRef = 6F1D87DD2C1F062800C1670B /* NewsViewModel.swift */; };
		6F1D87E12C1F1CDD00C1670B /* NetworkServicePackage in Frameworks */ = {isa = PBXBuildFile; productRef = 6F1D87E02C1F1CDD00C1670B /* NetworkServicePackage */; };
		6F1D87E42C1F1D6300C1670B /* News.swift in Sources */ = {isa = PBXBuildFile; fileRef = 6F1D87E32C1F1D6300C1670B /* News.swift */; };
		6F1D87E72C1F272500C1670B /* TableView.swift in Sources */ = {isa = PBXBuildFile; fileRef = 6F1D87E62C1F272500C1670B /* TableView.swift */; };
		6F1D87EC2C1F36F400C1670B /* ArticleTableViewCell.swift in Sources */ = {isa = PBXBuildFile; fileRef = 6F1D87EB2C1F36F400C1670B /* ArticleTableViewCell.swift */; };
		6F1D87EE2C1F3B0200C1670B /* NewsDetailedPage.swift in Sources */ = {isa = PBXBuildFile; fileRef = 6F1D87ED2C1F3B0200C1670B /* NewsDetailedPage.swift */; };
		6F1D87F22C1F6A2500C1670B /* NewsDetailsView.swift in Sources */ = {isa = PBXBuildFile; fileRef = 6F1D87F12C1F6A2500C1670B /* NewsDetailsView.swift */; };
		6F1D87F42C201CE200C1670B /* NewsDetailedPageUIController.swift in Sources */ = {isa = PBXBuildFile; fileRef = 6F1D87F32C201CE200C1670B /* NewsDetailedPageUIController.swift */; };
/* End PBXBuildFile section */

/* Begin PBXFileReference section */
		6F1D87CA2C1F05CE00C1670B /* SwiftUIAndUIKit1.app */ = {isa = PBXFileReference; explicitFileType = wrapper.application; includeInIndex = 0; path = SwiftUIAndUIKit1.app; sourceTree = BUILT_PRODUCTS_DIR; };
		6F1D87CD2C1F05CE00C1670B /* SwiftUIAndUIKit1App.swift */ = {isa = PBXFileReference; lastKnownFileType = sourcecode.swift; path = SwiftUIAndUIKit1App.swift; sourceTree = "<group>"; };
		6F1D87CF2C1F05CE00C1670B /* NewsView.swift */ = {isa = PBXFileReference; lastKnownFileType = sourcecode.swift; path = NewsView.swift; sourceTree = "<group>"; };
		6F1D87D12C1F05D000C1670B /* Assets.xcassets */ = {isa = PBXFileReference; lastKnownFileType = folder.assetcatalog; path = Assets.xcassets; sourceTree = "<group>"; };
		6F1D87D42C1F05D000C1670B /* Preview Assets.xcassets */ = {isa = PBXFileReference; lastKnownFileType = folder.assetcatalog; path = "Preview Assets.xcassets"; sourceTree = "<group>"; };
		6F1D87DD2C1F062800C1670B /* NewsViewModel.swift */ = {isa = PBXFileReference; lastKnownFileType = sourcecode.swift; path = NewsViewModel.swift; sourceTree = "<group>"; };
		6F1D87E32C1F1D6300C1670B /* News.swift */ = {isa = PBXFileReference; lastKnownFileType = sourcecode.swift; path = News.swift; sourceTree = "<group>"; };
		6F1D87E62C1F272500C1670B /* TableView.swift */ = {isa = PBXFileReference; lastKnownFileType = sourcecode.swift; path = TableView.swift; sourceTree = "<group>"; };
		6F1D87EB2C1F36F400C1670B /* ArticleTableViewCell.swift */ = {isa = PBXFileReference; lastKnownFileType = sourcecode.swift; path = ArticleTableViewCell.swift; sourceTree = "<group>"; };
		6F1D87ED2C1F3B0200C1670B /* NewsDetailedPage.swift */ = {isa = PBXFileReference; lastKnownFileType = sourcecode.swift; path = NewsDetailedPage.swift; sourceTree = "<group>"; };
		6F1D87F12C1F6A2500C1670B /* NewsDetailsView.swift */ = {isa = PBXFileReference; lastKnownFileType = sourcecode.swift; path = NewsDetailsView.swift; sourceTree = "<group>"; };
		6F1D87F32C201CE200C1670B /* NewsDetailedPageUIController.swift */ = {isa = PBXFileReference; lastKnownFileType = sourcecode.swift; path = NewsDetailedPageUIController.swift; sourceTree = "<group>"; };
/* End PBXFileReference section */

/* Begin PBXFrameworksBuildPhase section */
		6F1D87C72C1F05CE00C1670B /* Frameworks */ = {
			isa = PBXFrameworksBuildPhase;
			buildActionMask = 2147483647;
			files = (
				6F1D87E12C1F1CDD00C1670B /* NetworkServicePackage in Frameworks */,
			);
			runOnlyForDeploymentPostprocessing = 0;
		};
/* End PBXFrameworksBuildPhase section */

/* Begin PBXGroup section */
		6F1D87C12C1F05CE00C1670B = {
			isa = PBXGroup;
			children = (
				6F1D87CC2C1F05CE00C1670B /* SwiftUIAndUIKit1 */,
				6F1D87CB2C1F05CE00C1670B /* Products */,
			);
			sourceTree = "<group>";
		};
		6F1D87CB2C1F05CE00C1670B /* Products */ = {
			isa = PBXGroup;
			children = (
				6F1D87CA2C1F05CE00C1670B /* SwiftUIAndUIKit1.app */,
			);
			name = Products;
			sourceTree = "<group>";
		};
		6F1D87CC2C1F05CE00C1670B /* SwiftUIAndUIKit1 */ = {
			isa = PBXGroup;
			children = (
				6F1D87F52C205EB800C1670B /* App */,
				6F1D87DB2C1F05D700C1670B /* NewsViews */,
				6F1D87DC2C1F05FE00C1670B /* NewsViewModels */,
				6F1D87E22C1F1D5200C1670B /* Models */,
				6F1D87E52C1F270B00C1670B /* UIKitViews */,
				6F1D87D12C1F05D000C1670B /* Assets.xcassets */,
				6F1D87D32C1F05D000C1670B /* Preview Content */,
			);
			path = SwiftUIAndUIKit1;
			sourceTree = "<group>";
		};
		6F1D87D32C1F05D000C1670B /* Preview Content */ = {
			isa = PBXGroup;
			children = (
				6F1D87D42C1F05D000C1670B /* Preview Assets.xcassets */,
			);
			path = "Preview Content";
			sourceTree = "<group>";
		};
		6F1D87DB2C1F05D700C1670B /* NewsViews */ = {
			isa = PBXGroup;
			children = (
				6F1D87CF2C1F05CE00C1670B /* NewsView.swift */,
				6F1D87F12C1F6A2500C1670B /* NewsDetailsView.swift */,
			);
			path = NewsViews;
			sourceTree = "<group>";
		};
		6F1D87DC2C1F05FE00C1670B /* NewsViewModels */ = {
			isa = PBXGroup;
			children = (
				6F1D87DD2C1F062800C1670B /* NewsViewModel.swift */,
			);
			path = NewsViewModels;
			sourceTree = "<group>";
		};
		6F1D87E22C1F1D5200C1670B /* Models */ = {
			isa = PBXGroup;
			children = (
				6F1D87E32C1F1D6300C1670B /* News.swift */,
			);
			path = Models;
			sourceTree = "<group>";
		};
		6F1D87E52C1F270B00C1670B /* UIKitViews */ = {
			isa = PBXGroup;
			children = (
				6F1D87E62C1F272500C1670B /* TableView.swift */,
				6F1D87EB2C1F36F400C1670B /* ArticleTableViewCell.swift */,
				6F1D87ED2C1F3B0200C1670B /* NewsDetailedPage.swift */,
				6F1D87F32C201CE200C1670B /* NewsDetailedPageUIController.swift */,
			);
			path = UIKitViews;
			sourceTree = "<group>";
		};
		6F1D87F52C205EB800C1670B /* App */ = {
			isa = PBXGroup;
			children = (
				6F1D87CD2C1F05CE00C1670B /* SwiftUIAndUIKit1App.swift */,
			);
			path = App;
			sourceTree = "<group>";
		};
/* End PBXGroup section */

/* Begin PBXNativeTarget section */
		6F1D87C92C1F05CE00C1670B /* SwiftUIAndUIKit1 */ = {
			isa = PBXNativeTarget;
			buildConfigurationList = 6F1D87D82C1F05D000C1670B /* Build configuration list for PBXNativeTarget "SwiftUIAndUIKit1" */;
			buildPhases = (
				6F1D87C62C1F05CE00C1670B /* Sources */,
				6F1D87C72C1F05CE00C1670B /* Frameworks */,
				6F1D87C82C1F05CE00C1670B /* Resources */,
			);
			buildRules = (
			);
			dependencies = (
			);
			name = SwiftUIAndUIKit1;
			packageProductDependencies = (
				6F1D87E02C1F1CDD00C1670B /* NetworkServicePackage */,
			);
			productName = SwiftUIAndUIKit1;
			productReference = 6F1D87CA2C1F05CE00C1670B /* SwiftUIAndUIKit1.app */;
			productType = "com.apple.product-type.application";
		};
/* End PBXNativeTarget section */

/* Begin PBXProject section */
		6F1D87C22C1F05CE00C1670B /* Project object */ = {
			isa = PBXProject;
			attributes = {
				BuildIndependentTargetsInParallel = 1;
				LastSwiftUpdateCheck = 1530;
				LastUpgradeCheck = 1530;
				TargetAttributes = {
					6F1D87C92C1F05CE00C1670B = {
						CreatedOnToolsVersion = 15.3;
					};
				};
			};
			buildConfigurationList = 6F1D87C52C1F05CE00C1670B /* Build configuration list for PBXProject "SwiftUIAndUIKit1" */;
			compatibilityVersion = "Xcode 14.0";
			developmentRegion = en;
			hasScannedForEncodings = 0;
			knownRegions = (
				en,
				Base,
			);
			mainGroup = 6F1D87C12C1F05CE00C1670B;
			packageReferences = (
				6F1D87DF2C1F1CDD00C1670B /* XCRemoteSwiftPackageReference "FetchingAPI_Package" */,
			);
			productRefGroup = 6F1D87CB2C1F05CE00C1670B /* Products */;
			projectDirPath = "";
			projectRoot = "";
			targets = (
				6F1D87C92C1F05CE00C1670B /* SwiftUIAndUIKit1 */,
			);
		};
/* End PBXProject section */

/* Begin PBXResourcesBuildPhase section */
		6F1D87C82C1F05CE00C1670B /* Resources */ = {
			isa = PBXResourcesBuildPhase;
			buildActionMask = 2147483647;
			files = (
				6F1D87D52C1F05D000C1670B /* Preview Assets.xcassets in Resources */,
				6F1D87D22C1F05D000C1670B /* Assets.xcassets in Resources */,
			);
			runOnlyForDeploymentPostprocessing = 0;
		};
/* End PBXResourcesBuildPhase section */

/* Begin PBXSourcesBuildPhase section */
		6F1D87C62C1F05CE00C1670B /* Sources */ = {
			isa = PBXSourcesBuildPhase;
			buildActionMask = 2147483647;
			files = (
				6F1D87D02C1F05CE00C1670B /* NewsView.swift in Sources */,
				6F1D87E72C1F272500C1670B /* TableView.swift in Sources */,
				6F1D87DE2C1F062800C1670B /* NewsViewModel.swift in Sources */,
				6F1D87E42C1F1D6300C1670B /* News.swift in Sources */,
				6F1D87F42C201CE200C1670B /* NewsDetailedPageUIController.swift in Sources */,
				6F1D87EE2C1F3B0200C1670B /* NewsDetailedPage.swift in Sources */,
				6F1D87EC2C1F36F400C1670B /* ArticleTableViewCell.swift in Sources */,
				6F1D87F22C1F6A2500C1670B /* NewsDetailsView.swift in Sources */,
				6F1D87CE2C1F05CE00C1670B /* SwiftUIAndUIKit1App.swift in Sources */,
			);
			runOnlyForDeploymentPostprocessing = 0;
		};
/* End PBXSourcesBuildPhase section */

/* Begin XCBuildConfiguration section */
		6F1D87D62C1F05D000C1670B /* Debug */ = {
			isa = XCBuildConfiguration;
			buildSettings = {
				ALWAYS_SEARCH_USER_PATHS = NO;
				ASSETCATALOG_COMPILER_GENERATE_SWIFT_ASSET_SYMBOL_EXTENSIONS = YES;
				CLANG_ANALYZER_NONNULL = YES;
				CLANG_ANALYZER_NUMBER_OBJECT_CONVERSION = YES_AGGRESSIVE;
				CLANG_CXX_LANGUAGE_STANDARD = "gnu++20";
				CLANG_ENABLE_MODULES = YES;
				CLANG_ENABLE_OBJC_ARC = YES;
				CLANG_ENABLE_OBJC_WEAK = YES;
				CLANG_WARN_BLOCK_CAPTURE_AUTORELEASING = YES;
				CLANG_WARN_BOOL_CONVERSION = YES;
				CLANG_WARN_COMMA = YES;
				CLANG_WARN_CONSTANT_CONVERSION = YES;
				CLANG_WARN_DEPRECATED_OBJC_IMPLEMENTATIONS = YES;
				CLANG_WARN_DIRECT_OBJC_ISA_USAGE = YES_ERROR;
				CLANG_WARN_DOCUMENTATION_COMMENTS = YES;
				CLANG_WARN_EMPTY_BODY = YES;
				CLANG_WARN_ENUM_CONVERSION = YES;
				CLANG_WARN_INFINITE_RECURSION = YES;
				CLANG_WARN_INT_CONVERSION = YES;
				CLANG_WARN_NON_LITERAL_NULL_CONVERSION = YES;
				CLANG_WARN_OBJC_IMPLICIT_RETAIN_SELF = YES;
				CLANG_WARN_OBJC_LITERAL_CONVERSION = YES;
				CLANG_WARN_OBJC_ROOT_CLASS = YES_ERROR;
				CLANG_WARN_QUOTED_INCLUDE_IN_FRAMEWORK_HEADER = YES;
				CLANG_WARN_RANGE_LOOP_ANALYSIS = YES;
				CLANG_WARN_STRICT_PROTOTYPES = YES;
				CLANG_WARN_SUSPICIOUS_MOVE = YES;
				CLANG_WARN_UNGUARDED_AVAILABILITY = YES_AGGRESSIVE;
				CLANG_WARN_UNREACHABLE_CODE = YES;
				CLANG_WARN__DUPLICATE_METHOD_MATCH = YES;
				COPY_PHASE_STRIP = NO;
				DEBUG_INFORMATION_FORMAT = dwarf;
				ENABLE_STRICT_OBJC_MSGSEND = YES;
				ENABLE_TESTABILITY = YES;
				ENABLE_USER_SCRIPT_SANDBOXING = YES;
				GCC_C_LANGUAGE_STANDARD = gnu17;
				GCC_DYNAMIC_NO_PIC = NO;
				GCC_NO_COMMON_BLOCKS = YES;
				GCC_OPTIMIZATION_LEVEL = 0;
				GCC_PREPROCESSOR_DEFINITIONS = (
					"DEBUG=1",
					"$(inherited)",
				);
				GCC_WARN_64_TO_32_BIT_CONVERSION = YES;
				GCC_WARN_ABOUT_RETURN_TYPE = YES_ERROR;
				GCC_WARN_UNDECLARED_SELECTOR = YES;
				GCC_WARN_UNINITIALIZED_AUTOS = YES_AGGRESSIVE;
				GCC_WARN_UNUSED_FUNCTION = YES;
				GCC_WARN_UNUSED_VARIABLE = YES;
				IPHONEOS_DEPLOYMENT_TARGET = 17.4;
				LOCALIZATION_PREFERS_STRING_CATALOGS = YES;
				MTL_ENABLE_DEBUG_INFO = INCLUDE_SOURCE;
				MTL_FAST_MATH = YES;
				ONLY_ACTIVE_ARCH = YES;
				SDKROOT = iphoneos;
				SWIFT_ACTIVE_COMPILATION_CONDITIONS = "DEBUG $(inherited)";
				SWIFT_OPTIMIZATION_LEVEL = "-Onone";
			};
			name = Debug;
		};
		6F1D87D72C1F05D000C1670B /* Release */ = {
			isa = XCBuildConfiguration;
			buildSettings = {
				ALWAYS_SEARCH_USER_PATHS = NO;
				ASSETCATALOG_COMPILER_GENERATE_SWIFT_ASSET_SYMBOL_EXTENSIONS = YES;
				CLANG_ANALYZER_NONNULL = YES;
				CLANG_ANALYZER_NUMBER_OBJECT_CONVERSION = YES_AGGRESSIVE;
				CLANG_CXX_LANGUAGE_STANDARD = "gnu++20";
				CLANG_ENABLE_MODULES = YES;
				CLANG_ENABLE_OBJC_ARC = YES;
				CLANG_ENABLE_OBJC_WEAK = YES;
				CLANG_WARN_BLOCK_CAPTURE_AUTORELEASING = YES;
				CLANG_WARN_BOOL_CONVERSION = YES;
				CLANG_WARN_COMMA = YES;
				CLANG_WARN_CONSTANT_CONVERSION = YES;
				CLANG_WARN_DEPRECATED_OBJC_IMPLEMENTATIONS = YES;
				CLANG_WARN_DIRECT_OBJC_ISA_USAGE = YES_ERROR;
				CLANG_WARN_DOCUMENTATION_COMMENTS = YES;
				CLANG_WARN_EMPTY_BODY = YES;
				CLANG_WARN_ENUM_CONVERSION = YES;
				CLANG_WARN_INFINITE_RECURSION = YES;
				CLANG_WARN_INT_CONVERSION = YES;
				CLANG_WARN_NON_LITERAL_NULL_CONVERSION = YES;
				CLANG_WARN_OBJC_IMPLICIT_RETAIN_SELF = YES;
				CLANG_WARN_OBJC_LITERAL_CONVERSION = YES;
				CLANG_WARN_OBJC_ROOT_CLASS = YES_ERROR;
				CLANG_WARN_QUOTED_INCLUDE_IN_FRAMEWORK_HEADER = YES;
				CLANG_WARN_RANGE_LOOP_ANALYSIS = YES;
				CLANG_WARN_STRICT_PROTOTYPES = YES;
				CLANG_WARN_SUSPICIOUS_MOVE = YES;
				CLANG_WARN_UNGUARDED_AVAILABILITY = YES_AGGRESSIVE;
				CLANG_WARN_UNREACHABLE_CODE = YES;
				CLANG_WARN__DUPLICATE_METHOD_MATCH = YES;
				COPY_PHASE_STRIP = NO;
				DEBUG_INFORMATION_FORMAT = "dwarf-with-dsym";
				ENABLE_NS_ASSERTIONS = NO;
				ENABLE_STRICT_OBJC_MSGSEND = YES;
				ENABLE_USER_SCRIPT_SANDBOXING = YES;
				GCC_C_LANGUAGE_STANDARD = gnu17;
				GCC_NO_COMMON_BLOCKS = YES;
				GCC_WARN_64_TO_32_BIT_CONVERSION = YES;
				GCC_WARN_ABOUT_RETURN_TYPE = YES_ERROR;
				GCC_WARN_UNDECLARED_SELECTOR = YES;
				GCC_WARN_UNINITIALIZED_AUTOS = YES_AGGRESSIVE;
				GCC_WARN_UNUSED_FUNCTION = YES;
				GCC_WARN_UNUSED_VARIABLE = YES;
				IPHONEOS_DEPLOYMENT_TARGET = 17.4;
				LOCALIZATION_PREFERS_STRING_CATALOGS = YES;
				MTL_ENABLE_DEBUG_INFO = NO;
				MTL_FAST_MATH = YES;
				SDKROOT = iphoneos;
				SWIFT_COMPILATION_MODE = wholemodule;
				VALIDATE_PRODUCT = YES;
			};
			name = Release;
		};
		6F1D87D92C1F05D000C1670B /* Debug */ = {
			isa = XCBuildConfiguration;
			buildSettings = {
				ASSETCATALOG_COMPILER_APPICON_NAME = AppIcon;
				ASSETCATALOG_COMPILER_GLOBAL_ACCENT_COLOR_NAME = AccentColor;
				CODE_SIGN_STYLE = Automatic;
				CURRENT_PROJECT_VERSION = 1;
				DEVELOPMENT_ASSET_PATHS = "\"SwiftUIAndUIKit1/Preview Content\"";
				DEVELOPMENT_TEAM = FG33X32B98;
				ENABLE_PREVIEWS = YES;
				GENERATE_INFOPLIST_FILE = YES;
				INFOPLIST_KEY_UIApplicationSceneManifest_Generation = YES;
				INFOPLIST_KEY_UIApplicationSupportsIndirectInputEvents = YES;
				INFOPLIST_KEY_UILaunchScreen_Generation = YES;
				INFOPLIST_KEY_UISupportedInterfaceOrientations_iPad = "UIInterfaceOrientationPortrait UIInterfaceOrientationPortraitUpsideDown UIInterfaceOrientationLandscapeLeft UIInterfaceOrientationLandscapeRight";
				INFOPLIST_KEY_UISupportedInterfaceOrientations_iPhone = "UIInterfaceOrientationPortrait UIInterfaceOrientationLandscapeLeft UIInterfaceOrientationLandscapeRight";
				LD_RUNPATH_SEARCH_PATHS = (
					"$(inherited)",
					"@executable_path/Frameworks",
				);
				MARKETING_VERSION = 1.0;
				PRODUCT_BUNDLE_IDENTIFIER = ge.academy.SwiftUIAndUIKit1;
				PRODUCT_NAME = "$(TARGET_NAME)";
				SWIFT_EMIT_LOC_STRINGS = YES;
				SWIFT_VERSION = 5.0;
				TARGETED_DEVICE_FAMILY = "1,2";
			};
			name = Debug;
		};
		6F1D87DA2C1F05D000C1670B /* Release */ = {
			isa = XCBuildConfiguration;
			buildSettings = {
				ASSETCATALOG_COMPILER_APPICON_NAME = AppIcon;
				ASSETCATALOG_COMPILER_GLOBAL_ACCENT_COLOR_NAME = AccentColor;
				CODE_SIGN_STYLE = Automatic;
				CURRENT_PROJECT_VERSION = 1;
				DEVELOPMENT_ASSET_PATHS = "\"SwiftUIAndUIKit1/Preview Content\"";
				DEVELOPMENT_TEAM = FG33X32B98;
				ENABLE_PREVIEWS = YES;
				GENERATE_INFOPLIST_FILE = YES;
				INFOPLIST_KEY_UIApplicationSceneManifest_Generation = YES;
				INFOPLIST_KEY_UIApplicationSupportsIndirectInputEvents = YES;
				INFOPLIST_KEY_UILaunchScreen_Generation = YES;
				INFOPLIST_KEY_UISupportedInterfaceOrientations_iPad = "UIInterfaceOrientationPortrait UIInterfaceOrientationPortraitUpsideDown UIInterfaceOrientationLandscapeLeft UIInterfaceOrientationLandscapeRight";
				INFOPLIST_KEY_UISupportedInterfaceOrientations_iPhone = "UIInterfaceOrientationPortrait UIInterfaceOrientationLandscapeLeft UIInterfaceOrientationLandscapeRight";
				LD_RUNPATH_SEARCH_PATHS = (
					"$(inherited)",
					"@executable_path/Frameworks",
				);
				MARKETING_VERSION = 1.0;
				PRODUCT_BUNDLE_IDENTIFIER = ge.academy.SwiftUIAndUIKit1;
				PRODUCT_NAME = "$(TARGET_NAME)";
				SWIFT_EMIT_LOC_STRINGS = YES;
				SWIFT_VERSION = 5.0;
				TARGETED_DEVICE_FAMILY = "1,2";
			};
			name = Release;
		};
/* End XCBuildConfiguration section */

/* Begin XCConfigurationList section */
		6F1D87C52C1F05CE00C1670B /* Build configuration list for PBXProject "SwiftUIAndUIKit1" */ = {
			isa = XCConfigurationList;
			buildConfigurations = (
				6F1D87D62C1F05D000C1670B /* Debug */,
				6F1D87D72C1F05D000C1670B /* Release */,
			);
			defaultConfigurationIsVisible = 0;
			defaultConfigurationName = Release;
		};
		6F1D87D82C1F05D000C1670B /* Build configuration list for PBXNativeTarget "SwiftUIAndUIKit1" */ = {
			isa = XCConfigurationList;
			buildConfigurations = (
				6F1D87D92C1F05D000C1670B /* Debug */,
				6F1D87DA2C1F05D000C1670B /* Release */,
			);
			defaultConfigurationIsVisible = 0;
			defaultConfigurationName = Release;
		};
/* End XCConfigurationList section */

/* Begin XCRemoteSwiftPackageReference section */
		6F1D87DF2C1F1CDD00C1670B /* XCRemoteSwiftPackageReference "FetchingAPI_Package" */ = {
			isa = XCRemoteSwiftPackageReference;
			repositoryURL = "https://github.com/tamokakhidze/FetchingAPI_Package";
			requirement = {
				branch = main;
				kind = branch;
			};
		};
/* End XCRemoteSwiftPackageReference section */

/* Begin XCSwiftPackageProductDependency section */
		6F1D87E02C1F1CDD00C1670B /* NetworkServicePackage */ = {
			isa = XCSwiftPackageProductDependency;
			package = 6F1D87DF2C1F1CDD00C1670B /* XCRemoteSwiftPackageReference "FetchingAPI_Package" */;
			productName = NetworkServicePackage;
		};
/* End XCSwiftPackageProductDependency section */
	};
	rootObject = 6F1D87C22C1F05CE00C1670B /* Project object */;
}
